github.com/Grimkey/chores v0.0.0-20190528211750-b958ac801dbe h1:i1JyonCUv3YHdIwWI0Qo3H7Ff0e57IL3ErglMdkx92I=
github.com/grimkey/chores v0.0.0-20190528211750-b958ac801dbe h1:0AOnpHA3jVNoWyE1mytMhQXc+LMcYMRAj2KMsHdMwdw=
github.com/grimkey/secret_santa v0.0.0-20181003002516-fdf14b7d77cc h1:dyrxugUOlfUJ79jJF9kCEKQtmFDO/S3roihPcOVx78Q=
github.com/grimkey/secret_santa v0.0.0-20181003002516-fdf14b7d77cc/go.mod h1:I2iAEM9fU2BaELjf6YInEfVko3EJ5vGL0iPgt+EPoKs=
